// !$*UTF8*$!
{
	archiveVersion = 1;
	classes = {
	};
	objectVersion = 55;
	objects = {

/* Begin PBXBuildFile section */
		13134C162C123C8700123CB1 /* tmpCleaner.swift in Sources */ = {isa = PBXBuildFile; fileRef = 13134C152C123C8700123CB1 /* tmpCleaner.swift */; };
		13134C192C123CA800123CB1 /* ShareViewOpener.swift in Sources */ = {isa = PBXBuildFile; fileRef = 13134C182C123CA800123CB1 /* ShareViewOpener.swift */; };
		13134C2F2C13694F00123CB1 /* Saving.swift in Sources */ = {isa = PBXBuildFile; fileRef = 13134C2E2C13694F00123CB1 /* Saving.swift */; };
		13177F332C0645A900E4CECA /* AppDelegate.swift in Sources */ = {isa = PBXBuildFile; fileRef = 13177F322C0645A900E4CECA /* AppDelegate.swift */; };
		13177F352C0645A900E4CECA /* SceneDelegate.swift in Sources */ = {isa = PBXBuildFile; fileRef = 13177F342C0645A900E4CECA /* SceneDelegate.swift */; };
		13177F372C0645A900E4CECA /* ViewController.swift in Sources */ = {isa = PBXBuildFile; fileRef = 13177F362C0645A900E4CECA /* ViewController.swift */; };
		13177F3C2C0645AA00E4CECA /* Assets.xcassets in Resources */ = {isa = PBXBuildFile; fileRef = 13177F3B2C0645AA00E4CECA /* Assets.xcassets */; };
		13177F3F2C0645AA00E4CECA /* LaunchScreen.storyboard in Resources */ = {isa = PBXBuildFile; fileRef = 13177F3D2C0645AA00E4CECA /* LaunchScreen.storyboard */; };
		13177F472C0645D600E4CECA /* Main.storyboard in Resources */ = {isa = PBXBuildFile; fileRef = 13177F462C0645D600E4CECA /* Main.storyboard */; };
		13177F4D2C0645FF00E4CECA /* Audio.swift in Sources */ = {isa = PBXBuildFile; fileRef = 13177F4A2C0645FF00E4CECA /* Audio.swift */; };
		13177F4E2C0645FF00E4CECA /* Other.swift in Sources */ = {isa = PBXBuildFile; fileRef = 13177F4B2C0645FF00E4CECA /* Other.swift */; };
		13177F4F2C0645FF00E4CECA /* Video.swift in Sources */ = {isa = PBXBuildFile; fileRef = 13177F4C2C0645FF00E4CECA /* Video.swift */; };
		13177F512C06460500E4CECA /* AboutPage.swift in Sources */ = {isa = PBXBuildFile; fileRef = 13177F502C06460500E4CECA /* AboutPage.swift */; };
		13177F542C07547900E4CECA /* VideoPlayer.swift in Sources */ = {isa = PBXBuildFile; fileRef = 13177F532C07547900E4CECA /* VideoPlayer.swift */; };
		131B94622CA48FF700D21DFC /* MediaPickerCell.swift in Sources */ = {isa = PBXBuildFile; fileRef = 131B94612CA48FF700D21DFC /* MediaPickerCell.swift */; };
		132BEFA92CC5546400B61089 /* Instance.swift in Sources */ = {isa = PBXBuildFile; fileRef = 132BEFA82CC5546400B61089 /* Instance.swift */; };
		135C0FAB2C10E0E300177744 /* Request.swift in Sources */ = {isa = PBXBuildFile; fileRef = 135C0FAA2C10E0E300177744 /* Request.swift */; };
		135C0FAE2C10E17B00177744 /* FileSaver.swift in Sources */ = {isa = PBXBuildFile; fileRef = 135C0FAD2C10E17B00177744 /* FileSaver.swift */; };
		135C0FB02C10E18300177744 /* URLOpener.swift in Sources */ = {isa = PBXBuildFile; fileRef = 135C0FAF2C10E18300177744 /* URLOpener.swift */; };
		1369A3C32C08ACE700C7E7B7 /* Save-Debug.swift in Sources */ = {isa = PBXBuildFile; fileRef = 1369A3C22C08ACE700C7E7B7 /* Save-Debug.swift */; };
		1369A3C52C08AD7800C7E7B7 /* PlayerExtension.swift in Sources */ = {isa = PBXBuildFile; fileRef = 1369A3C42C08AD7800C7E7B7 /* PlayerExtension.swift */; };
		137A57862DCCE4EE00CC1DD1 /* MediaSaver.swift in Sources */ = {isa = PBXBuildFile; fileRef = 137A57852DCCE4EE00CC1DD1 /* MediaSaver.swift */; };
		13921AAB2CECF19300588F61 /* onBoarding.swift in Sources */ = {isa = PBXBuildFile; fileRef = 13921AAA2CECF19300588F61 /* onBoarding.swift */; };
		13AF1CD52CA4462A0082D4FD /* PickerViewController.swift in Sources */ = {isa = PBXBuildFile; fileRef = 13AF1CD42CA4462A0082D4FD /* PickerViewController.swift */; };
		13AF1CD72CA44AE40082D4FD /* ImageSaver.swift in Sources */ = {isa = PBXBuildFile; fileRef = 13AF1CD62CA44AE40082D4FD /* ImageSaver.swift */; };
/* End PBXBuildFile section */

/* Begin PBXCopyFilesBuildPhase section */
		13134C2D2C123EC800123CB1 /* Embed App Extensions */ = {
			isa = PBXCopyFilesBuildPhase;
			buildActionMask = 2147483647;
			dstPath = "";
			dstSubfolderSpec = 13;
			files = (
			);
			name = "Embed App Extensions";
			runOnlyForDeploymentPostprocessing = 0;
		};
/* End PBXCopyFilesBuildPhase section */

/* Begin PBXFileReference section */
		13134C152C123C8700123CB1 /* tmpCleaner.swift */ = {isa = PBXFileReference; lastKnownFileType = sourcecode.swift; path = tmpCleaner.swift; sourceTree = "<group>"; };
		13134C182C123CA800123CB1 /* ShareViewOpener.swift */ = {isa = PBXFileReference; lastKnownFileType = sourcecode.swift; path = ShareViewOpener.swift; sourceTree = "<group>"; };
		13134C2E2C13694F00123CB1 /* Saving.swift */ = {isa = PBXFileReference; lastKnownFileType = sourcecode.swift; path = Saving.swift; sourceTree = "<group>"; };
		13177F2F2C0645A900E4CECA /* Osmium.app */ = {isa = PBXFileReference; explicitFileType = wrapper.application; includeInIndex = 0; path = Osmium.app; sourceTree = BUILT_PRODUCTS_DIR; };
		13177F322C0645A900E4CECA /* AppDelegate.swift */ = {isa = PBXFileReference; lastKnownFileType = sourcecode.swift; path = AppDelegate.swift; sourceTree = "<group>"; };
		13177F342C0645A900E4CECA /* SceneDelegate.swift */ = {isa = PBXFileReference; lastKnownFileType = sourcecode.swift; path = SceneDelegate.swift; sourceTree = "<group>"; };
		13177F362C0645A900E4CECA /* ViewController.swift */ = {isa = PBXFileReference; lastKnownFileType = sourcecode.swift; path = ViewController.swift; sourceTree = "<group>"; };
		13177F3B2C0645AA00E4CECA /* Assets.xcassets */ = {isa = PBXFileReference; lastKnownFileType = folder.assetcatalog; path = Assets.xcassets; sourceTree = "<group>"; };
		13177F3E2C0645AA00E4CECA /* Base */ = {isa = PBXFileReference; lastKnownFileType = file.storyboard; name = Base; path = Base.lproj/LaunchScreen.storyboard; sourceTree = "<group>"; };
		13177F402C0645AA00E4CECA /* Info.plist */ = {isa = PBXFileReference; lastKnownFileType = text.plist.xml; path = Info.plist; sourceTree = "<group>"; };
		13177F462C0645D600E4CECA /* Main.storyboard */ = {isa = PBXFileReference; fileEncoding = 4; lastKnownFileType = file.storyboard; path = Main.storyboard; sourceTree = "<group>"; };
		13177F4A2C0645FF00E4CECA /* Audio.swift */ = {isa = PBXFileReference; fileEncoding = 4; lastKnownFileType = sourcecode.swift; path = Audio.swift; sourceTree = "<group>"; };
		13177F4B2C0645FF00E4CECA /* Other.swift */ = {isa = PBXFileReference; fileEncoding = 4; lastKnownFileType = sourcecode.swift; path = Other.swift; sourceTree = "<group>"; };
		13177F4C2C0645FF00E4CECA /* Video.swift */ = {isa = PBXFileReference; fileEncoding = 4; lastKnownFileType = sourcecode.swift; path = Video.swift; sourceTree = "<group>"; };
		13177F502C06460500E4CECA /* AboutPage.swift */ = {isa = PBXFileReference; fileEncoding = 4; lastKnownFileType = sourcecode.swift; path = AboutPage.swift; sourceTree = "<group>"; };
		13177F532C07547900E4CECA /* VideoPlayer.swift */ = {isa = PBXFileReference; lastKnownFileType = sourcecode.swift; path = VideoPlayer.swift; sourceTree = "<group>"; };
		131B94612CA48FF700D21DFC /* MediaPickerCell.swift */ = {isa = PBXFileReference; lastKnownFileType = sourcecode.swift; path = MediaPickerCell.swift; sourceTree = "<group>"; };
		132BEFA82CC5546400B61089 /* Instance.swift */ = {isa = PBXFileReference; lastKnownFileType = sourcecode.swift; path = Instance.swift; sourceTree = "<group>"; };
		135C0FAA2C10E0E300177744 /* Request.swift */ = {isa = PBXFileReference; lastKnownFileType = sourcecode.swift; path = Request.swift; sourceTree = "<group>"; };
		135C0FAD2C10E17B00177744 /* FileSaver.swift */ = {isa = PBXFileReference; lastKnownFileType = sourcecode.swift; path = FileSaver.swift; sourceTree = "<group>"; };
		135C0FAF2C10E18300177744 /* URLOpener.swift */ = {isa = PBXFileReference; lastKnownFileType = sourcecode.swift; path = URLOpener.swift; sourceTree = "<group>"; };
		1369A3C22C08ACE700C7E7B7 /* Save-Debug.swift */ = {isa = PBXFileReference; lastKnownFileType = sourcecode.swift; path = "Save-Debug.swift"; sourceTree = "<group>"; };
		1369A3C42C08AD7800C7E7B7 /* PlayerExtension.swift */ = {isa = PBXFileReference; lastKnownFileType = sourcecode.swift; path = PlayerExtension.swift; sourceTree = "<group>"; };
		137A57852DCCE4EE00CC1DD1 /* MediaSaver.swift */ = {isa = PBXFileReference; fileEncoding = 4; lastKnownFileType = sourcecode.swift; path = MediaSaver.swift; sourceTree = "<group>"; };
		13921AAA2CECF19300588F61 /* onBoarding.swift */ = {isa = PBXFileReference; lastKnownFileType = sourcecode.swift; path = onBoarding.swift; sourceTree = "<group>"; };
		13AF1CD42CA4462A0082D4FD /* PickerViewController.swift */ = {isa = PBXFileReference; lastKnownFileType = sourcecode.swift; path = PickerViewController.swift; sourceTree = "<group>"; };
		13AF1CD62CA44AE40082D4FD /* ImageSaver.swift */ = {isa = PBXFileReference; lastKnownFileType = sourcecode.swift; path = ImageSaver.swift; sourceTree = "<group>"; };
/* End PBXFileReference section */

/* Begin PBXFrameworksBuildPhase section */
		13177F2C2C0645A900E4CECA /* Frameworks */ = {
			isa = PBXFrameworksBuildPhase;
			buildActionMask = 2147483647;
			files = (
			);
			runOnlyForDeploymentPostprocessing = 0;
		};
/* End PBXFrameworksBuildPhase section */

/* Begin PBXGroup section */
		13134C1A2C123D2500123CB1 /* Utility */ = {
			isa = PBXGroup;
			children = (
				131B94602CA48FE100D21DFC /* PickerView */,
				13134C152C123C8700123CB1 /* tmpCleaner.swift */,
				13134C182C123CA800123CB1 /* ShareViewOpener.swift */,
			);
			path = Utility;
			sourceTree = "<group>";
		};
		13177F262C0645A800E4CECA = {
			isa = PBXGroup;
			children = (
				13177F312C0645A900E4CECA /* Osmium */,
				13177F302C0645A900E4CECA /* Products */,
			);
			sourceTree = "<group>";
		};
		13177F302C0645A900E4CECA /* Products */ = {
			isa = PBXGroup;
			children = (
				13177F2F2C0645A900E4CECA /* Osmium.app */,
			);
			name = Products;
			sourceTree = "<group>";
		};
		13177F312C0645A900E4CECA /* Osmium */ = {
			isa = PBXGroup;
			children = (
				1369A3C12C08ACD300C7E7B7 /* NotificationCenter */,
				13177F522C07546D00E4CECA /* Player */,
				13177F482C0645ED00E4CECA /* Settings */,
				135C0FA92C10E0D300177744 /* Functions */,
				13921AAA2CECF19300588F61 /* onBoarding.swift */,
				13177F362C0645A900E4CECA /* ViewController.swift */,
				13177F322C0645A900E4CECA /* AppDelegate.swift */,
				13177F342C0645A900E4CECA /* SceneDelegate.swift */,
				13177F462C0645D600E4CECA /* Main.storyboard */,
				13177F3D2C0645AA00E4CECA /* LaunchScreen.storyboard */,
				13177F3B2C0645AA00E4CECA /* Assets.xcassets */,
				13177F402C0645AA00E4CECA /* Info.plist */,
			);
			path = Osmium;
			sourceTree = "<group>";
		};
		13177F482C0645ED00E4CECA /* Settings */ = {
			isa = PBXGroup;
			children = (
				13177F4C2C0645FF00E4CECA /* Video.swift */,
				13177F4A2C0645FF00E4CECA /* Audio.swift */,
				13177F4B2C0645FF00E4CECA /* Other.swift */,
				13134C2E2C13694F00123CB1 /* Saving.swift */,
				132BEFA82CC5546400B61089 /* Instance.swift */,
				13177F492C0645F500E4CECA /* About */,
			);
			path = Settings;
			sourceTree = "<group>";
		};
		13177F492C0645F500E4CECA /* About */ = {
			isa = PBXGroup;
			children = (
				13177F502C06460500E4CECA /* AboutPage.swift */,
			);
			path = About;
			sourceTree = "<group>";
		};
		13177F522C07546D00E4CECA /* Player */ = {
			isa = PBXGroup;
			children = (
				13177F532C07547900E4CECA /* VideoPlayer.swift */,
				1369A3C42C08AD7800C7E7B7 /* PlayerExtension.swift */,
			);
			path = Player;
			sourceTree = "<group>";
		};
		131B94602CA48FE100D21DFC /* PickerView */ = {
			isa = PBXGroup;
			children = (
				13AF1CD42CA4462A0082D4FD /* PickerViewController.swift */,
				131B94612CA48FF700D21DFC /* MediaPickerCell.swift */,
			);
			path = PickerView;
			sourceTree = "<group>";
		};
		135C0FA92C10E0D300177744 /* Functions */ = {
			isa = PBXGroup;
			children = (
				135C0FB12C10E22700177744 /* Request */,
				13134C1A2C123D2500123CB1 /* Utility */,
				135C0FAC2C10E16B00177744 /* Saving Method */,
			);
			path = Functions;
			sourceTree = "<group>";
		};
		135C0FAC2C10E16B00177744 /* Saving Method */ = {
			isa = PBXGroup;
			children = (
				137A57852DCCE4EE00CC1DD1 /* MediaSaver.swift */,
				13AF1CD62CA44AE40082D4FD /* ImageSaver.swift */,
				135C0FAD2C10E17B00177744 /* FileSaver.swift */,
				135C0FAF2C10E18300177744 /* URLOpener.swift */,
			);
			path = "Saving Method";
			sourceTree = "<group>";
		};
		135C0FB12C10E22700177744 /* Request */ = {
			isa = PBXGroup;
			children = (
				135C0FAA2C10E0E300177744 /* Request.swift */,
			);
			path = Request;
			sourceTree = "<group>";
		};
		1369A3C12C08ACD300C7E7B7 /* NotificationCenter */ = {
			isa = PBXGroup;
			children = (
				1369A3C22C08ACE700C7E7B7 /* Save-Debug.swift */,
			);
			path = NotificationCenter;
			sourceTree = "<group>";
		};
/* End PBXGroup section */

/* Begin PBXNativeTarget section */
		13177F2E2C0645A900E4CECA /* Osmium */ = {
			isa = PBXNativeTarget;
			buildConfigurationList = 13177F432C0645AA00E4CECA /* Build configuration list for PBXNativeTarget "Osmium" */;
			buildPhases = (
				13177F2B2C0645A900E4CECA /* Sources */,
				13177F2C2C0645A900E4CECA /* Frameworks */,
				13177F2D2C0645A900E4CECA /* Resources */,
				13134C2D2C123EC800123CB1 /* Embed App Extensions */,
			);
			buildRules = (
			);
			dependencies = (
			);
			name = Osmium;
			packageProductDependencies = (
			);
			productName = Osmium;
			productReference = 13177F2F2C0645A900E4CECA /* Osmium.app */;
			productType = "com.apple.product-type.application";
		};
/* End PBXNativeTarget section */

/* Begin PBXProject section */
		13177F272C0645A800E4CECA /* Project object */ = {
			isa = PBXProject;
			attributes = {
				BuildIndependentTargetsInParallel = 1;
				LastSwiftUpdateCheck = 1320;
				LastUpgradeCheck = 1320;
				TargetAttributes = {
					13177F2E2C0645A900E4CECA = {
						CreatedOnToolsVersion = 13.2.1;
					};
				};
			};
			buildConfigurationList = 13177F2A2C0645A800E4CECA /* Build configuration list for PBXProject "Osmium" */;
			compatibilityVersion = "Xcode 13.0";
			developmentRegion = en;
			hasScannedForEncodings = 0;
			knownRegions = (
				en,
				Base,
			);
			mainGroup = 13177F262C0645A800E4CECA;
			packageReferences = (
			);
			productRefGroup = 13177F302C0645A900E4CECA /* Products */;
			projectDirPath = "";
			projectRoot = "";
			targets = (
				13177F2E2C0645A900E4CECA /* Osmium */,
			);
		};
/* End PBXProject section */

/* Begin PBXResourcesBuildPhase section */
		13177F2D2C0645A900E4CECA /* Resources */ = {
			isa = PBXResourcesBuildPhase;
			buildActionMask = 2147483647;
			files = (
				13177F472C0645D600E4CECA /* Main.storyboard in Resources */,
				13177F3F2C0645AA00E4CECA /* LaunchScreen.storyboard in Resources */,
				13177F3C2C0645AA00E4CECA /* Assets.xcassets in Resources */,
			);
			runOnlyForDeploymentPostprocessing = 0;
		};
/* End PBXResourcesBuildPhase section */

/* Begin PBXSourcesBuildPhase section */
		13177F2B2C0645A900E4CECA /* Sources */ = {
			isa = PBXSourcesBuildPhase;
			buildActionMask = 2147483647;
			files = (
				13134C162C123C8700123CB1 /* tmpCleaner.swift in Sources */,
				13AF1CD52CA4462A0082D4FD /* PickerViewController.swift in Sources */,
				13177F4D2C0645FF00E4CECA /* Audio.swift in Sources */,
				13177F542C07547900E4CECA /* VideoPlayer.swift in Sources */,
				13134C192C123CA800123CB1 /* ShareViewOpener.swift in Sources */,
				1369A3C52C08AD7800C7E7B7 /* PlayerExtension.swift in Sources */,
				135C0FB02C10E18300177744 /* URLOpener.swift in Sources */,
				13177F4F2C0645FF00E4CECA /* Video.swift in Sources */,
				13177F372C0645A900E4CECA /* ViewController.swift in Sources */,
				135C0FAE2C10E17B00177744 /* FileSaver.swift in Sources */,
				132BEFA92CC5546400B61089 /* Instance.swift in Sources */,
				1369A3C32C08ACE700C7E7B7 /* Save-Debug.swift in Sources */,
				13177F332C0645A900E4CECA /* AppDelegate.swift in Sources */,
				13177F512C06460500E4CECA /* AboutPage.swift in Sources */,
				131B94622CA48FF700D21DFC /* MediaPickerCell.swift in Sources */,
				13177F4E2C0645FF00E4CECA /* Other.swift in Sources */,
				135C0FAB2C10E0E300177744 /* Request.swift in Sources */,
				13921AAB2CECF19300588F61 /* onBoarding.swift in Sources */,
				137A57862DCCE4EE00CC1DD1 /* MediaSaver.swift in Sources */,
				13177F352C0645A900E4CECA /* SceneDelegate.swift in Sources */,
				13134C2F2C13694F00123CB1 /* Saving.swift in Sources */,
				13AF1CD72CA44AE40082D4FD /* ImageSaver.swift in Sources */,
			);
			runOnlyForDeploymentPostprocessing = 0;
		};
/* End PBXSourcesBuildPhase section */

/* Begin PBXVariantGroup section */
		13177F3D2C0645AA00E4CECA /* LaunchScreen.storyboard */ = {
			isa = PBXVariantGroup;
			children = (
				13177F3E2C0645AA00E4CECA /* Base */,
			);
			name = LaunchScreen.storyboard;
			sourceTree = "<group>";
		};
/* End PBXVariantGroup section */

/* Begin XCBuildConfiguration section */
		13177F412C0645AA00E4CECA /* Debug */ = {
			isa = XCBuildConfiguration;
			buildSettings = {
				ALWAYS_SEARCH_USER_PATHS = NO;
				CLANG_ANALYZER_NONNULL = YES;
				CLANG_ANALYZER_NUMBER_OBJECT_CONVERSION = YES_AGGRESSIVE;
				CLANG_CXX_LANGUAGE_STANDARD = "gnu++17";
				CLANG_CXX_LIBRARY = "libc++";
				CLANG_ENABLE_MODULES = YES;
				CLANG_ENABLE_OBJC_ARC = YES;
				CLANG_ENABLE_OBJC_WEAK = YES;
				CLANG_WARN_BLOCK_CAPTURE_AUTORELEASING = YES;
				CLANG_WARN_BOOL_CONVERSION = YES;
				CLANG_WARN_COMMA = YES;
				CLANG_WARN_CONSTANT_CONVERSION = YES;
				CLANG_WARN_DEPRECATED_OBJC_IMPLEMENTATIONS = YES;
				CLANG_WARN_DIRECT_OBJC_ISA_USAGE = YES_ERROR;
				CLANG_WARN_DOCUMENTATION_COMMENTS = YES;
				CLANG_WARN_EMPTY_BODY = YES;
				CLANG_WARN_ENUM_CONVERSION = YES;
				CLANG_WARN_INFINITE_RECURSION = YES;
				CLANG_WARN_INT_CONVERSION = YES;
				CLANG_WARN_NON_LITERAL_NULL_CONVERSION = YES;
				CLANG_WARN_OBJC_IMPLICIT_RETAIN_SELF = YES;
				CLANG_WARN_OBJC_LITERAL_CONVERSION = YES;
				CLANG_WARN_OBJC_ROOT_CLASS = YES_ERROR;
				CLANG_WARN_QUOTED_INCLUDE_IN_FRAMEWORK_HEADER = YES;
				CLANG_WARN_RANGE_LOOP_ANALYSIS = YES;
				CLANG_WARN_STRICT_PROTOTYPES = YES;
				CLANG_WARN_SUSPICIOUS_MOVE = YES;
				CLANG_WARN_UNGUARDED_AVAILABILITY = YES_AGGRESSIVE;
				CLANG_WARN_UNREACHABLE_CODE = YES;
				CLANG_WARN__DUPLICATE_METHOD_MATCH = YES;
				COPY_PHASE_STRIP = NO;
				DEBUG_INFORMATION_FORMAT = dwarf;
				ENABLE_STRICT_OBJC_MSGSEND = YES;
				ENABLE_TESTABILITY = YES;
				GCC_C_LANGUAGE_STANDARD = gnu11;
				GCC_DYNAMIC_NO_PIC = NO;
				GCC_NO_COMMON_BLOCKS = YES;
				GCC_OPTIMIZATION_LEVEL = 0;
				GCC_PREPROCESSOR_DEFINITIONS = (
					"DEBUG=1",
					"$(inherited)",
				);
				GCC_WARN_64_TO_32_BIT_CONVERSION = YES;
				GCC_WARN_ABOUT_RETURN_TYPE = YES_ERROR;
				GCC_WARN_UNDECLARED_SELECTOR = YES;
				GCC_WARN_UNINITIALIZED_AUTOS = YES_AGGRESSIVE;
				GCC_WARN_UNUSED_FUNCTION = YES;
				GCC_WARN_UNUSED_VARIABLE = YES;
				IPHONEOS_DEPLOYMENT_TARGET = 14.2;
				MTL_ENABLE_DEBUG_INFO = INCLUDE_SOURCE;
				MTL_FAST_MATH = YES;
				ONLY_ACTIVE_ARCH = YES;
				SDKROOT = iphoneos;
				SWIFT_ACTIVE_COMPILATION_CONDITIONS = DEBUG;
				SWIFT_OPTIMIZATION_LEVEL = "-Onone";
			};
			name = Debug;
		};
		13177F422C0645AA00E4CECA /* Release */ = {
			isa = XCBuildConfiguration;
			buildSettings = {
				ALWAYS_SEARCH_USER_PATHS = NO;
				CLANG_ANALYZER_NONNULL = YES;
				CLANG_ANALYZER_NUMBER_OBJECT_CONVERSION = YES_AGGRESSIVE;
				CLANG_CXX_LANGUAGE_STANDARD = "gnu++17";
				CLANG_CXX_LIBRARY = "libc++";
				CLANG_ENABLE_MODULES = YES;
				CLANG_ENABLE_OBJC_ARC = YES;
				CLANG_ENABLE_OBJC_WEAK = YES;
				CLANG_WARN_BLOCK_CAPTURE_AUTORELEASING = YES;
				CLANG_WARN_BOOL_CONVERSION = YES;
				CLANG_WARN_COMMA = YES;
				CLANG_WARN_CONSTANT_CONVERSION = YES;
				CLANG_WARN_DEPRECATED_OBJC_IMPLEMENTATIONS = YES;
				CLANG_WARN_DIRECT_OBJC_ISA_USAGE = YES_ERROR;
				CLANG_WARN_DOCUMENTATION_COMMENTS = YES;
				CLANG_WARN_EMPTY_BODY = YES;
				CLANG_WARN_ENUM_CONVERSION = YES;
				CLANG_WARN_INFINITE_RECURSION = YES;
				CLANG_WARN_INT_CONVERSION = YES;
				CLANG_WARN_NON_LITERAL_NULL_CONVERSION = YES;
				CLANG_WARN_OBJC_IMPLICIT_RETAIN_SELF = YES;
				CLANG_WARN_OBJC_LITERAL_CONVERSION = YES;
				CLANG_WARN_OBJC_ROOT_CLASS = YES_ERROR;
				CLANG_WARN_QUOTED_INCLUDE_IN_FRAMEWORK_HEADER = YES;
				CLANG_WARN_RANGE_LOOP_ANALYSIS = YES;
				CLANG_WARN_STRICT_PROTOTYPES = YES;
				CLANG_WARN_SUSPICIOUS_MOVE = YES;
				CLANG_WARN_UNGUARDED_AVAILABILITY = YES_AGGRESSIVE;
				CLANG_WARN_UNREACHABLE_CODE = YES;
				CLANG_WARN__DUPLICATE_METHOD_MATCH = YES;
				COPY_PHASE_STRIP = NO;
				DEBUG_INFORMATION_FORMAT = "dwarf-with-dsym";
				ENABLE_NS_ASSERTIONS = NO;
				ENABLE_STRICT_OBJC_MSGSEND = YES;
				GCC_C_LANGUAGE_STANDARD = gnu11;
				GCC_NO_COMMON_BLOCKS = YES;
				GCC_WARN_64_TO_32_BIT_CONVERSION = YES;
				GCC_WARN_ABOUT_RETURN_TYPE = YES_ERROR;
				GCC_WARN_UNDECLARED_SELECTOR = YES;
				GCC_WARN_UNINITIALIZED_AUTOS = YES_AGGRESSIVE;
				GCC_WARN_UNUSED_FUNCTION = YES;
				GCC_WARN_UNUSED_VARIABLE = YES;
				IPHONEOS_DEPLOYMENT_TARGET = 14.2;
				MTL_ENABLE_DEBUG_INFO = NO;
				MTL_FAST_MATH = YES;
				SDKROOT = iphoneos;
				SWIFT_COMPILATION_MODE = wholemodule;
				SWIFT_OPTIMIZATION_LEVEL = "-O";
				VALIDATE_PRODUCT = YES;
			};
			name = Release;
		};
		13177F442C0645AA00E4CECA /* Debug */ = {
			isa = XCBuildConfiguration;
			buildSettings = {
				ALWAYS_EMBED_SWIFT_STANDARD_LIBRARIES = YES;
				ASSETCATALOG_COMPILER_APPICON_NAME = AppIcon;
				ASSETCATALOG_COMPILER_GLOBAL_ACCENT_COLOR_NAME = AccentColor;
				CODE_SIGN_STYLE = Automatic;
				CURRENT_PROJECT_VERSION = 1;
				DEVELOPMENT_TEAM = 399LMK6Q2Y;
				GENERATE_INFOPLIST_FILE = YES;
				INFOPLIST_FILE = Osmium/Info.plist;
				INFOPLIST_KEY_NSPhotoLibraryAddUsageDescription = "The photo Library Addition is required to save media.";
				INFOPLIST_KEY_NSPhotoLibraryUsageDescription = "Access to the photo library is needed to play videos.";
				INFOPLIST_KEY_UIApplicationSupportsIndirectInputEvents = YES;
				INFOPLIST_KEY_UILaunchStoryboardName = LaunchScreen;
				INFOPLIST_KEY_UIMainStoryboardFile = Main;
				INFOPLIST_KEY_UISupportedInterfaceOrientations = UIInterfaceOrientationPortrait;
				INFOPLIST_KEY_UISupportedInterfaceOrientations_iPad = "UIInterfaceOrientationPortrait UIInterfaceOrientationPortraitUpsideDown UIInterfaceOrientationLandscapeLeft UIInterfaceOrientationLandscapeRight";
				INFOPLIST_KEY_UISupportedInterfaceOrientations_iPhone = UIInterfaceOrientationPortrait;
				INFOPLIST_KEY_UISupportsDocumentBrowser = YES;
				IPHONEOS_DEPLOYMENT_TARGET = 14.2;
				LD_RUNPATH_SEARCH_PATHS = (
					"$(inherited)",
					"@executable_path/Frameworks",
				);
				MARKETING_VERSION = 0.6;
				PRODUCT_BUNDLE_IDENTIFIER = me.sobet.Osmium;
				PRODUCT_NAME = "$(TARGET_NAME)";
				SWIFT_EMIT_LOC_STRINGS = YES;
				SWIFT_VERSION = 5.0;
				TARGETED_DEVICE_FAMILY = "1,2";
			};
			name = Debug;
		};
		13177F452C0645AA00E4CECA /* Release */ = {
			isa = XCBuildConfiguration;
			buildSettings = {
				ALWAYS_EMBED_SWIFT_STANDARD_LIBRARIES = YES;
				ASSETCATALOG_COMPILER_APPICON_NAME = AppIcon;
				ASSETCATALOG_COMPILER_GLOBAL_ACCENT_COLOR_NAME = AccentColor;
				CODE_SIGN_STYLE = Automatic;
				CURRENT_PROJECT_VERSION = 1;
				DEVELOPMENT_TEAM = 399LMK6Q2Y;
				GENERATE_INFOPLIST_FILE = YES;
				INFOPLIST_FILE = Osmium/Info.plist;
				INFOPLIST_KEY_NSPhotoLibraryAddUsageDescription = "The photo Library Addition is required to save media.";
				INFOPLIST_KEY_NSPhotoLibraryUsageDescription = "Access to the photo library is needed to play videos.";
				INFOPLIST_KEY_UIApplicationSupportsIndirectInputEvents = YES;
				INFOPLIST_KEY_UILaunchStoryboardName = LaunchScreen;
				INFOPLIST_KEY_UIMainStoryboardFile = Main;
				INFOPLIST_KEY_UISupportedInterfaceOrientations = UIInterfaceOrientationPortrait;
				INFOPLIST_KEY_UISupportedInterfaceOrientations_iPad = "UIInterfaceOrientationPortrait UIInterfaceOrientationPortraitUpsideDown UIInterfaceOrientationLandscapeLeft UIInterfaceOrientationLandscapeRight";
				INFOPLIST_KEY_UISupportedInterfaceOrientations_iPhone = UIInterfaceOrientationPortrait;
				INFOPLIST_KEY_UISupportsDocumentBrowser = YES;
				IPHONEOS_DEPLOYMENT_TARGET = 14.2;
				LD_RUNPATH_SEARCH_PATHS = (
					"$(inherited)",
					"@executable_path/Frameworks",
				);
				MARKETING_VERSION = 0.6;
				PRODUCT_BUNDLE_IDENTIFIER = me.sobet.Osmium;
				PRODUCT_NAME = "$(TARGET_NAME)";
				SWIFT_EMIT_LOC_STRINGS = YES;
				SWIFT_VERSION = 5.0;
				TARGETED_DEVICE_FAMILY = "1,2";
			};
			name = Release;
		};
/* End XCBuildConfiguration section */

/* Begin XCConfigurationList section */
		13177F2A2C0645A800E4CECA /* Build configuration list for PBXProject "Osmium" */ = {
			isa = XCConfigurationList;
			buildConfigurations = (
				13177F412C0645AA00E4CECA /* Debug */,
				13177F422C0645AA00E4CECA /* Release */,
			);
			defaultConfigurationIsVisible = 0;
			defaultConfigurationName = Release;
		};
		13177F432C0645AA00E4CECA /* Build configuration list for PBXNativeTarget "Osmium" */ = {
			isa = XCConfigurationList;
			buildConfigurations = (
				13177F442C0645AA00E4CECA /* Debug */,
				13177F452C0645AA00E4CECA /* Release */,
			);
			defaultConfigurationIsVisible = 0;
			defaultConfigurationName = Release;
		};
/* End XCConfigurationList section */
	};
	rootObject = 13177F272C0645A800E4CECA /* Project object */;
}
